<?xml version="1.0" encoding="utf-8"?>
<Project ToolsVersion="4.0" xmlns="http://schemas.microsoft.com/developer/msbuild/2003">
  <ItemGroup>
    <None Include="src\ALittle.alittle" />
    <None Include="src\Core\List.alittle">
      <Filter>Core</Filter>
    </None>
    <None Include="src\Core\Log.alittle">
      <Filter>Core</Filter>
    </None>
    <None Include="src\Core\Lua.alittle">
      <Filter>Core</Filter>
    </None>
    <None Include="src\Core\Map.alittle">
      <Filter>Core</Filter>
    </None>
    <None Include="src\Core\Math.alittle">
      <Filter>Core</Filter>
    </None>
    <None Include="src\Core\Net.alittle">
      <Filter>Core</Filter>
    </None>
    <None Include="src\Core\Reflect.alittle">
      <Filter>Core</Filter>
    </None>
    <None Include="src\Core\String.alittle">
      <Filter>Core</Filter>
    </None>
    <None Include="src\Core\Time.alittle">
      <Filter>Core</Filter>
    </None>
    <None Include="src\Core\Base.alittle">
      <Filter>Core</Filter>
    </None>
    <None Include="src\Core\Coroutine.alittle">
      <Filter>Core</Filter>
    </None>
    <None Include="src\Core\JavaScript.alittle">
      <Filter>Core</Filter>
    </None>
    <None Include="src\Language\JavaScript\canvas.alittle">
      <Filter>Language\JavaScript</Filter>
    </None>
    <None Include="src\Language\JavaScript\console.alittle">
      <Filter>Language\JavaScript</Filter>
    </None>
    <None Include="src\Language\JavaScript\dataview.alittle">
      <Filter>Language\JavaScript</Filter>
    </None>
    <None Include="src\Language\JavaScript\document.alittle">
      <Filter>Language\JavaScript</Filter>
    </None>
    <None Include="src\Language\JavaScript\domelement.alittle">
      <Filter>Language\JavaScript</Filter>
    </None>
    <None Include="src\Language\JavaScript\function.alittle">
      <Filter>Language\JavaScript</Filter>
    </None>
    <None Include="src\Language\JavaScript\json.alittle">
      <Filter>Language\JavaScript</Filter>
    </None>
    <None Include="src\Language\JavaScript\lib.alittle">
      <Filter>Language\JavaScript</Filter>
    </None>
    <None Include="src\Language\JavaScript\location.alittle">
      <Filter>Language\JavaScript</Filter>
    </None>
    <None Include="src\Language\JavaScript\map.alittle">
      <Filter>Language\JavaScript</Filter>
    </None>
    <None Include="src\Language\JavaScript\math.alittle">
      <Filter>Language\JavaScript</Filter>
    </None>
    <None Include="src\Language\JavaScript\navigator.alittle">
      <Filter>Language\JavaScript</Filter>
    </None>
    <None Include="src\Language\JavaScript\object.alittle">
      <Filter>Language\JavaScript</Filter>
    </None>
    <None Include="src\Language\JavaScript\scriptelement.alittle">
      <Filter>Language\JavaScript</Filter>
    </None>
    <None Include="src\Language\JavaScript\string.alittle">
      <Filter>Language\JavaScript</Filter>
    </None>
    <None Include="src\Language\JavaScript\textcoder.alittle">
      <Filter>Language\JavaScript</Filter>
    </None>
    <None Include="src\Language\JavaScript\time.alittle">
      <Filter>Language\JavaScript</Filter>
    </None>
    <None Include="src\Language\JavaScript\uint8array.alittle">
      <Filter>Language\JavaScript</Filter>
    </None>
    <None Include="src\Language\JavaScript\websocket.alittle">
      <Filter>Language\JavaScript</Filter>
    </None>
    <None Include="src\Language\JavaScript\window.alittle">
      <Filter>Language\JavaScript</Filter>
    </None>
    <None Include="src\Language\JavaScript\wx.alittle">
      <Filter>Language\JavaScript</Filter>
    </None>
    <None Include="src\Language\JavaScript\xmlhttprequest.alittle">
      <Filter>Language\JavaScript</Filter>
    </None>
    <None Include="src\Language\JavaScript\array.alittle">
      <Filter>Language\JavaScript</Filter>
    </None>
    <None Include="src\Language\JavaScript\arraybuffer.alittle">
      <Filter>Language\JavaScript</Filter>
    </None>
    <None Include="src\Language\JavaScript\bodyelement.alittle">
      <Filter>Language\JavaScript</Filter>
    </None>
    <None Include="src\Language\Lua\math.alittle">
      <Filter>Language\Lua</Filter>
    </None>
    <None Include="src\Language\Lua\os.alittle">
      <Filter>Language\Lua</Filter>
    </None>
    <None Include="src\Language\Lua\package.alittle">
      <Filter>Language\Lua</Filter>
    </None>
    <None Include="src\Language\Lua\string.alittle">
      <Filter>Language\Lua</Filter>
    </None>
    <None Include="src\Language\Lua\table.alittle">
      <Filter>Language\Lua</Filter>
    </None>
    <None Include="src\Language\Lua\coroutine.alittle">
      <Filter>Language\Lua</Filter>
    </None>
    <None Include="src\Language\Lua\io.alittle">
      <Filter>Language\Lua</Filter>
    </None>
    <None Include="src\Language\Lua\lib.alittle">
      <Filter>Language\Lua</Filter>
    </None>
  </ItemGroup>
  <ItemGroup>
    <Filter Include="Core">
      <UniqueIdentifier>{42cebdfc-c31f-4f17-8d87-5c64d546e844}</UniqueIdentifier>
    </Filter>
    <Filter Include="Language">
      <UniqueIdentifier>{167bf119-f116-4727-8e62-cd667fc5ad98}</UniqueIdentifier>
    </Filter>
    <Filter Include="Language\Lua">
      <UniqueIdentifier>{e87d8ef3-5d1f-45c9-be13-a267081d48bd}</UniqueIdentifier>
    </Filter>
    <Filter Include="Language\JavaScript">
      <UniqueIdentifier>{6387fbdc-1335-42e6-a158-51898d19bfef}</UniqueIdentifier>
    </Filter>
  </ItemGroup>
</Project>